# This file is automatically @generated by Poetry 1.7.1 and should not be changed by hand.

[[package]]
name = "adafruit-blinka"
version = "8.32.0"
description = "CircuitPython APIs for non-CircuitPython versions of Python such as CPython on Linux and MicroPython."
optional = false
python-versions = ">=3.7.0"
files = [
    {file = "Adafruit_Blinka-8.32.0-py3-none-any.whl", hash = "sha256:3aceebdfcd6620c7c82f2d6992fb9376460931779e3a45eec256846c6a91d852"},
]

[package.dependencies]
adafruit-circuitpython-typing = "*"
Adafruit-PlatformDetect = ">=3.53.0"
Adafruit-PureIO = ">=1.1.7"
pyftdi = ">=0.40.0"
"RPi.GPIO" = "*"
rpi-ws281x = ">=4.0.0"
sysv-ipc = ">=1.1.0"

[package.source]
type = "legacy"
url = "https://www.piwheels.org/simple"
reference = "piwheels"

[[package]]
name = "adafruit-circuitpython-bh1750"
version = "1.1.10"
description = "CircuitPython library for use with the Adafruit BH1750 breakout"
optional = false
python-versions = "*"
files = [
    {file = "adafruit_circuitpython_bh1750-1.1.10-py3-none-any.whl", hash = "sha256:3470eadeb5a5b1172f82d3cc6674ad54f190b5980eb68080e42632a6650f1aeb"},
]

[package.dependencies]
Adafruit-Blinka = "*"
adafruit-circuitpython-busdevice = "*"
adafruit-circuitpython-register = "*"

[package.source]
type = "legacy"
url = "https://www.piwheels.org/simple"
reference = "piwheels"

[[package]]
name = "adafruit-circuitpython-busdevice"
version = "5.2.6"
description = "CircuitPython bus device classes to manage bus sharing."
optional = false
python-versions = "*"
files = [
    {file = "adafruit_circuitpython_busdevice-5.2.6-py3-none-any.whl", hash = "sha256:b6eed0dd8444c3812a26dc34590d83449c9617454618d55417bae0069cf383b3"},
]

[package.dependencies]
Adafruit-Blinka = ">=7.0.0"
adafruit-circuitpython-typing = "*"

[package.source]
type = "legacy"
url = "https://www.piwheels.org/simple"
reference = "piwheels"

[[package]]
name = "adafruit-circuitpython-register"
version = "1.9.18"
description = "CircuitPython data descriptor classes to represent hardware registers on I2C and SPI devices."
optional = false
python-versions = "*"
files = [
    {file = "adafruit_circuitpython_register-1.9.18-py3-none-any.whl", hash = "sha256:a7273badfa4754681ff943e0ffd06304fcca8e5446f34babc28b3dac9246d05b"},
]

[package.dependencies]
Adafruit-Blinka = "*"
adafruit-circuitpython-busdevice = "*"
adafruit-circuitpython-typing = ">=1.3.1,<2.dev0"
typing-extensions = ">=4.0,<5.0"

[package.source]
type = "legacy"
url = "https://www.piwheels.org/simple"
reference = "piwheels"

[[package]]
name = "adafruit-circuitpython-requests"
version = "2.0.5"
description = "A requests-like library for web interfacing"
optional = false
python-versions = "*"
files = [
    {file = "adafruit_circuitpython_requests-2.0.5-py3-none-any.whl", hash = "sha256:44220453c1d209437363b71b150ec308b058f6118adc107da408bc38296402ac"},
]

[package.dependencies]
Adafruit-Blinka = "*"

[package.source]
type = "legacy"
url = "https://www.piwheels.org/simple"
reference = "piwheels"

[[package]]
name = "adafruit-circuitpython-typing"
version = "1.10.2"
description = "Types needed for type annotation that are not in `typing`"
optional = false
python-versions = "*"
files = [
    {file = "adafruit_circuitpython_typing-1.10.2-py3-none-any.whl", hash = "sha256:44fe054431a867c7523f5f8b50b73c79c51d4b24b5bdf62947a064fa26791c31"},
]

[package.dependencies]
Adafruit-Blinka = "*"
adafruit-circuitpython-busdevice = "*"
adafruit-circuitpython-requests = "*"
typing-extensions = ">=4.0,<5.0"

[package.source]
type = "legacy"
url = "https://www.piwheels.org/simple"
reference = "piwheels"

[[package]]
name = "adafruit-platformdetect"
version = "3.60.0"
description = "Platform detection for use by libraries like Adafruit-Blinka."
optional = false
python-versions = "*"
files = [
    {file = "Adafruit_PlatformDetect-3.60.0-py3-none-any.whl", hash = "sha256:349811278d0ba3169cdd50dca089a0ee98f5e58fc56b5ac03beeeb727ee429a4"},
]

[package.source]
type = "legacy"
url = "https://www.piwheels.org/simple"
reference = "piwheels"

[[package]]
name = "adafruit-pureio"
version = "1.1.11"
description = "Pure python (i.e. no native extensions) access to Linux IO    including I2C and SPI. Drop in replacement for smbus and spidev modules."
optional = false
python-versions = ">=3.5.0"
files = [
    {file = "Adafruit_PureIO-1.1.11-py3-none-any.whl", hash = "sha256:665f23279bc216de92a00f34833650e2f49c9acc913fc3ca91195b94d172ed0f"},
]

[package.source]
type = "legacy"
url = "https://www.piwheels.org/simple"
reference = "piwheels"

[[package]]
name = "ads1015"
version = "1.0.0"
description = "Python library for the ADS1015 and ADS1115 4-channel ADC"
optional = false
python-versions = ">=3.7"
files = [
    {file = "ads1015-1.0.0-py3-none-any.whl", hash = "sha256:3497a7457f045b4abd049e96ab3a5ff95603a3b08b36273e4dfa6234964130df"},
]

[package.dependencies]
i2cdevice = ">=1.0.0"

[package.source]
type = "legacy"
url = "https://www.piwheels.org/simple"
reference = "piwheels"

[[package]]
name = "automationhat"
version = "0.4.1"
description = "Automation HAT Driver"
optional = false
python-versions = ">=2.7"
files = [
    {file = "automationhat-0.4.1-py3-none-any.whl", hash = "sha256:2b8a845072113902d4d2f021884eb24c1f06e200bbb13d67d112ae9dbbf18275"},
]

[package.dependencies]
ads1015 = ">=0.0.8"
"RPi.GPIO" = "*"
sn3218 = ">=2.0.0"
ST7735 = "*"

[package.source]
type = "legacy"
url = "https://www.piwheels.org/simple"
reference = "piwheels"

[[package]]
name = "board"
version = "1.0"
description = "Standard Board mechanism for Dojo tasks"
optional = false
python-versions = "*"
files = [
    {file = "board-1.0-py2.py3-none-any.whl", hash = "sha256:b97c986d0190a2a5181a7fe28959cd8515520b87f672796e21e1b0d32cc63e2f"},
]

[package.source]
type = "legacy"
url = "https://www.piwheels.org/simple"
reference = "piwheels"

[[package]]
name = "i2cdevice"
version = "1.0.0"
description = "Python framework for interacting with SMBus-compatible i2c devices"
optional = false
python-versions = ">=3.7"
files = [
    {file = "i2cdevice-1.0.0-py3-none-any.whl", hash = "sha256:595cfa3815aab4d8a4bbe1cbd4a4e1271d56cf7c1de367eab6a94dd80566f0c1"},
]

[package.dependencies]
smbus2 = "*"

[package.source]
type = "legacy"
url = "https://www.piwheels.org/simple"
reference = "piwheels"

[[package]]
name = "imutils"
version = "0.5.4"
description = "A series of convenience functions to make basic image processing functions such as translation, rotation, resizing, skeletonization, displaying Matplotlib images, sorting contours, detecting edges, and much more easier with OpenCV and both Python 2.7 and Python 3."
optional = false
python-versions = "*"
files = [
    {file = "imutils-0.5.4-py3-none-any.whl", hash = "sha256:f233020af4b67d42caea543b8a8c9aebbb7f5159d7ef6d7dc8980282a20ade88"},
]

[package.source]
type = "legacy"
url = "https://www.piwheels.org/simple"
reference = "piwheels"

[[package]]
name = "logging"
version = "0.4.9.6"
description = "A logging module for Python"
optional = false
python-versions = "*"
files = []

[[package]]
name = "numpy"
version = "1.26.4"
description = "Fundamental package for array computing in Python"
optional = false
python-versions = ">=3.9"
files = [
    {file = "numpy-1.26.4-cp311-cp311-linux_armv6l.whl", hash = "sha256:81a37a6d46f316f63b79f58865068410ff7a9e6bc37555c7600f1f608d7872fc"},
    {file = "numpy-1.26.4-cp311-cp311-linux_armv7l.whl", hash = "sha256:81a37a6d46f316f63b79f58865068410ff7a9e6bc37555c7600f1f608d7872fc"},
    {file = "numpy-1.26.4-cp39-cp39-linux_armv6l.whl", hash = "sha256:664008f1f01915d163caa021a2324f20c63e0d18f434a811a69ae2e24d322618"},
    {file = "numpy-1.26.4-cp39-cp39-linux_armv7l.whl", hash = "sha256:664008f1f01915d163caa021a2324f20c63e0d18f434a811a69ae2e24d322618"},
]

[package.source]
type = "legacy"
url = "https://www.piwheels.org/simple"
reference = "piwheels"

[[package]]
name = "pyftdi"
version = "0.55.0"
description = "FTDI device driver (pure Python)"
optional = false
python-versions = ">=3.8"
files = [
    {file = "pyftdi-0.55.0-py3-none-any.whl", hash = "sha256:662770e70b3c26dd8832a63adc660836f6557808005dd2735182f0c5a6aaa449"},
]

[package.dependencies]
pyserial = ">=3.0"
pyusb = ">=1.0.0,<1.2.0 || >1.2.0"

[package.source]
type = "legacy"
url = "https://www.piwheels.org/simple"
reference = "piwheels"

[[package]]
name = "pyserial"
version = "3.5"
description = "Python Serial Port Extension"
optional = false
python-versions = "*"
files = [
    {file = "pyserial-3.5-py2.py3-none-any.whl", hash = "sha256:c4451db6ba391ca6ca299fb3ec7bae67a5c55dde170964c7a14ceefec02f2cf0"},
]

[package.extras]
cp2110 = ["hidapi"]

[package.source]
type = "legacy"
url = "https://www.piwheels.org/simple"
reference = "piwheels"

[[package]]
name = "pyusb"
version = "1.2.1"
description = "Python USB access module"
optional = false
python-versions = ">=3.6.0"
files = [
    {file = "pyusb-1.2.1-py3-none-any.whl", hash = "sha256:2b4c7cb86dbadf044dfb9d3a4ff69fd217013dbe78a792177a3feb172449ea36"},
]

[package.source]
type = "legacy"
url = "https://www.piwheels.org/simple"
reference = "piwheels"

[[package]]
name = "rpi-gpio"
version = "0.7.1"
description = "A module to control Raspberry Pi GPIO channels"
optional = false
python-versions = "*"
files = [
    {file = "RPi.GPIO-0.7.1-cp311-cp311-linux_armv6l.whl", hash = "sha256:df02c92d1a55ff8cdfffea5012ea73a9b09fdcc4d14799d834b3840fcf4039ad"},
    {file = "RPi.GPIO-0.7.1-cp311-cp311-linux_armv7l.whl", hash = "sha256:df02c92d1a55ff8cdfffea5012ea73a9b09fdcc4d14799d834b3840fcf4039ad"},
    {file = "RPi.GPIO-0.7.1-cp35-cp35m-linux_armv6l.whl", hash = "sha256:5073d1972727cfad38a1a42f02da91dc41f137679290aa804ab6c410168347ac"},
    {file = "RPi.GPIO-0.7.1-cp35-cp35m-linux_armv7l.whl", hash = "sha256:5073d1972727cfad38a1a42f02da91dc41f137679290aa804ab6c410168347ac"},
    {file = "RPi.GPIO-0.7.1-cp37-cp37m-linux_armv6l.whl", hash = "sha256:e5dfec2c4ccb7dbe9eef3dfc76a3b04121fc62d77fd8fbe1a8e841468a1b0c4c"},
    {file = "RPi.GPIO-0.7.1-cp37-cp37m-linux_armv7l.whl", hash = "sha256:e5dfec2c4ccb7dbe9eef3dfc76a3b04121fc62d77fd8fbe1a8e841468a1b0c4c"},
    {file = "RPi.GPIO-0.7.1-cp39-cp39-linux_armv6l.whl", hash = "sha256:231f6142c25975a7e39b96faf4905f05f97dba6809e8c5f0d58f284b35b4b821"},
    {file = "RPi.GPIO-0.7.1-cp39-cp39-linux_armv7l.whl", hash = "sha256:231f6142c25975a7e39b96faf4905f05f97dba6809e8c5f0d58f284b35b4b821"},
]

[package.source]
type = "legacy"
url = "https://www.piwheels.org/simple"
reference = "piwheels"

[[package]]
name = "rpi-ws281x"
version = "4.3.4"
description = "Userspace Raspberry Pi PWM/PCM/SPI library for SK6812 and WS281X LEDs."
optional = false
python-versions = "*"
files = [
    {file = "rpi_ws281x-4.3.4-cp311-cp311-linux_armv6l.whl", hash = "sha256:92546a34b990d342d14dd0c0bc2adcbe6594c5beb65aa1a86560cc24c7ada4a5"},
    {file = "rpi_ws281x-4.3.4-cp311-cp311-linux_armv7l.whl", hash = "sha256:92546a34b990d342d14dd0c0bc2adcbe6594c5beb65aa1a86560cc24c7ada4a5"},
    {file = "rpi_ws281x-4.3.4-cp35-cp35m-linux_armv6l.whl", hash = "sha256:439c518548554bddc40323f11509d34ae6cdc5f21516c6d5f770c48d1d5683ec"},
    {file = "rpi_ws281x-4.3.4-cp35-cp35m-linux_armv7l.whl", hash = "sha256:439c518548554bddc40323f11509d34ae6cdc5f21516c6d5f770c48d1d5683ec"},
    {file = "rpi_ws281x-4.3.4-cp37-cp37m-linux_armv6l.whl", hash = "sha256:bf71750f5aaf253bdda7ca4d3ed71208827806668801c419f40d4c08a3afd283"},
    {file = "rpi_ws281x-4.3.4-cp37-cp37m-linux_armv7l.whl", hash = "sha256:bf71750f5aaf253bdda7ca4d3ed71208827806668801c419f40d4c08a3afd283"},
    {file = "rpi_ws281x-4.3.4-cp39-cp39-linux_armv6l.whl", hash = "sha256:bdabb32c1d2112d826547a57702a6fc81209dad98d00ef52378f5d7f8820bbfb"},
    {file = "rpi_ws281x-4.3.4-cp39-cp39-linux_armv7l.whl", hash = "sha256:bdabb32c1d2112d826547a57702a6fc81209dad98d00ef52378f5d7f8820bbfb"},
]

[package.source]
type = "legacy"
url = "https://www.piwheels.org/simple"
reference = "piwheels"

[[package]]
name = "smbus"
version = "1.1.post2"
description = "Python bindings for Linux SMBus access through i2c-dev"
optional = false
python-versions = "*"
files = [
    {file = "smbus-1.1.post2-cp311-cp311-linux_armv6l.whl", hash = "sha256:0393e4a00e35ad70489d03377ed4ad429047a9e4a35c1c12c0d85ad80b332d67"},
    {file = "smbus-1.1.post2-cp311-cp311-linux_armv7l.whl", hash = "sha256:0393e4a00e35ad70489d03377ed4ad429047a9e4a35c1c12c0d85ad80b332d67"},
    {file = "smbus-1.1.post2-cp34-cp34m-linux_armv6l.whl", hash = "sha256:39923448455a41c6bbe823de62b191103dd711917056362d9e4b1d2c6ec0f06d"},
    {file = "smbus-1.1.post2-cp34-cp34m-linux_armv7l.whl", hash = "sha256:39923448455a41c6bbe823de62b191103dd711917056362d9e4b1d2c6ec0f06d"},
    {file = "smbus-1.1.post2-cp35-cp35m-linux_armv6l.whl", hash = "sha256:3e59ce378dbf9b201497e9f99b43714acc7d562b08641d7b98ad9df762ffd865"},
    {file = "smbus-1.1.post2-cp35-cp35m-linux_armv7l.whl", hash = "sha256:3e59ce378dbf9b201497e9f99b43714acc7d562b08641d7b98ad9df762ffd865"},
    {file = "smbus-1.1.post2-cp37-cp37m-linux_armv6l.whl", hash = "sha256:3a04a09dd7bd2ce838a65f98d83901b3f6980593269d3668e974fc55a0db833e"},
    {file = "smbus-1.1.post2-cp37-cp37m-linux_armv7l.whl", hash = "sha256:3a04a09dd7bd2ce838a65f98d83901b3f6980593269d3668e974fc55a0db833e"},
    {file = "smbus-1.1.post2-cp39-cp39-linux_armv6l.whl", hash = "sha256:b0cdccebd5d4e611cfb950bddff8798962b5d709a8e6d46c29b1929ab4f2abbc"},
    {file = "smbus-1.1.post2-cp39-cp39-linux_armv7l.whl", hash = "sha256:b0cdccebd5d4e611cfb950bddff8798962b5d709a8e6d46c29b1929ab4f2abbc"},
]

[package.source]
type = "legacy"
url = "https://www.piwheels.org/simple"
reference = "piwheels"

[[package]]
name = "smbus2"
version = "0.4.3"
description = "smbus2 is a drop-in replacement for smbus-cffi/smbus-python in pure Python"
optional = false
python-versions = "*"
files = [
    {file = "smbus2-0.4.3-py2.py3-none-any.whl", hash = "sha256:4747d1f1394d9fb900d960a76931166645f901f3170616ab3aeb7eaaa6505bf5"},
]

[package.extras]
docs = ["sphinx (>=1.5.3)"]
qa = ["flake8"]
test = ["mock", "nose"]

[package.source]
type = "legacy"
url = "https://www.piwheels.org/simple"
reference = "piwheels"

[[package]]
name = "sn3218"
version = "2.0.0"
description = "Library for the SN3218 18-channel constant current LED driver"
optional = false
python-versions = ">=2.7"
files = [
    {file = "sn3218-2.0.0-py3-none-any.whl", hash = "sha256:410fad79ff0abc4d3abb3580e327aaf454073ccb1be407a643ad14def1226928"},
]

[package.source]
type = "legacy"
url = "https://www.piwheels.org/simple"
reference = "piwheels"

[[package]]
name = "spidev"
version = "3.6"
description = "Python bindings for Linux SPI access through spidev"
optional = false
python-versions = "*"
files = [
    {file = "spidev-3.6-cp311-cp311-linux_armv6l.whl", hash = "sha256:7143daf8ac2238f7eeabc059db334265ad3b7cb936cecf6412c6cad502155ba4"},
    {file = "spidev-3.6-cp311-cp311-linux_armv7l.whl", hash = "sha256:7143daf8ac2238f7eeabc059db334265ad3b7cb936cecf6412c6cad502155ba4"},
    {file = "spidev-3.6-cp37-cp37m-linux_armv6l.whl", hash = "sha256:ef47ae501d5b307ce7411e3ddab4b4d04fa31fdaed5e5730a4e3336f65c5f76b"},
    {file = "spidev-3.6-cp37-cp37m-linux_armv7l.whl", hash = "sha256:ef47ae501d5b307ce7411e3ddab4b4d04fa31fdaed5e5730a4e3336f65c5f76b"},
    {file = "spidev-3.6-cp39-cp39-linux_armv6l.whl", hash = "sha256:202698d9f7906cca548c301b97eee117bc029642af3e743b28597f752d11c0ee"},
    {file = "spidev-3.6-cp39-cp39-linux_armv7l.whl", hash = "sha256:202698d9f7906cca548c301b97eee117bc029642af3e743b28597f752d11c0ee"},
]

[package.source]
type = "legacy"
url = "https://www.piwheels.org/simple"
reference = "piwheels"

[[package]]
name = "st7735"
version = "1.0.0"
description = "Library to control an ST7735 168x80 TFT LCD display."
optional = false
python-versions = ">=3.7"
files = [
    {file = "st7735-1.0.0-py3-none-any.whl", hash = "sha256:20eb580e3d2462d8498ea5922cb5c1128abc46cbbc91998f07911054b3594f83"},
]

[package.dependencies]
numpy = "*"
spidev = ">=3.4"

[package.source]
type = "legacy"
url = "https://www.piwheels.org/simple"
reference = "piwheels"

[[package]]
name = "sysv-ipc"
version = "1.1.0"
description = "System V IPC primitives (semaphores, shared memory and message queues) for Python"
optional = false
python-versions = "*"
files = [
    {file = "sysv_ipc-1.1.0-cp311-cp311-linux_armv6l.whl", hash = "sha256:5fb634b7ff62415d240a6a37a7e7c0ed6fe708b2bb541a81bfaf3da4df7a47ff"},
    {file = "sysv_ipc-1.1.0-cp311-cp311-linux_armv7l.whl", hash = "sha256:5fb634b7ff62415d240a6a37a7e7c0ed6fe708b2bb541a81bfaf3da4df7a47ff"},
    {file = "sysv_ipc-1.1.0-cp37-cp37m-linux_armv6l.whl", hash = "sha256:3cc523ce39338200c0ad7735c48267a26735690977b4eb4879bd8e10b4e7a82d"},
    {file = "sysv_ipc-1.1.0-cp37-cp37m-linux_armv7l.whl", hash = "sha256:3cc523ce39338200c0ad7735c48267a26735690977b4eb4879bd8e10b4e7a82d"},
    {file = "sysv_ipc-1.1.0-cp39-cp39-linux_armv6l.whl", hash = "sha256:0ef1f4360d0c4e353f63d43743911c060881ebf920c95ec8adfa4fcbf58955da"},
    {file = "sysv_ipc-1.1.0-cp39-cp39-linux_armv7l.whl", hash = "sha256:0ef1f4360d0c4e353f63d43743911c060881ebf920c95ec8adfa4fcbf58955da"},
]

[package.source]
type = "legacy"
url = "https://www.piwheels.org/simple"
reference = "piwheels"

[[package]]
name = "typing-extensions"
version = "4.9.0"
description = "Backported and Experimental Type Hints for Python 3.8+"
optional = false
python-versions = ">=3.8"
files = [
    {file = "typing_extensions-4.9.0-py3-none-any.whl", hash = "sha256:8fed2a6939ccf276e2a354b8be3958e7e8ab1b9a528f208ff1202853244ada8b"},
]

[package.source]
type = "legacy"
url = "https://www.piwheels.org/simple"
reference = "piwheels"

[metadata]
lock-version = "2.0"
python-versions = ">=3.9"
content-hash = "88e545429638abed6151e85e7acd1cc9b1b6d19ec0ad5a236858732eec66a5c3"
