# This file is automatically @generated by Poetry 1.7.1 and should not be changed by hand.

[[package]]
name = "adafruit-blinka"
version = "8.39.1"
description = "CircuitPython APIs for non-CircuitPython versions of Python such as CPython on Linux and MicroPython."
optional = false
python-versions = ">=3.7.0"
files = [
    {file = "Adafruit_Blinka-8.39.1-py3-none-any.whl", hash = "sha256:5129d8536a6614ca95c6e9b4b2b06739fe0535689152d6bb0e455b3e8a58f732"},
]

[package.dependencies]
adafruit-circuitpython-typing = "*"
Adafruit-PlatformDetect = ">=3.62.0"
Adafruit-PureIO = ">=1.1.7"
pyftdi = ">=0.40.0"
"RPi.GPIO" = "*"
rpi-ws281x = ">=4.0.0"
sysv-ipc = ">=1.1.0"

[package.source]
type = "legacy"
url = "https://www.piwheels.org/simple"
reference = "piwheels"

[[package]]
name = "adafruit-circuitpython-bh1750"
version = "1.1.10"
description = "CircuitPython library for use with the Adafruit BH1750 breakout"
optional = false
python-versions = "*"
files = [
    {file = "adafruit_circuitpython_bh1750-1.1.10-py3-none-any.whl", hash = "sha256:3470eadeb5a5b1172f82d3cc6674ad54f190b5980eb68080e42632a6650f1aeb"},
]

[package.dependencies]
Adafruit-Blinka = "*"
adafruit-circuitpython-busdevice = "*"
adafruit-circuitpython-register = "*"

[package.source]
type = "legacy"
url = "https://www.piwheels.org/simple"
reference = "piwheels"

[[package]]
name = "adafruit-circuitpython-busdevice"
version = "5.2.9"
description = "CircuitPython bus device classes to manage bus sharing."
optional = false
python-versions = "*"
files = [
    {file = "adafruit_circuitpython_busdevice-5.2.9-py3-none-any.whl", hash = "sha256:fcc299b5d059ddce2dcb58cf8d2654a91984987a6664fed5470a7be7c7fd0eef"},
]

[package.dependencies]
Adafruit-Blinka = ">=7.0.0"
adafruit-circuitpython-typing = "*"

[package.source]
type = "legacy"
url = "https://www.piwheels.org/simple"
reference = "piwheels"

[[package]]
name = "adafruit-circuitpython-connectionmanager"
version = "3.1.0"
description = "A urllib3.poolmanager/urllib3.connectionpool-like library for managing sockets and connections"
optional = false
python-versions = "*"
files = [
    {file = "adafruit_circuitpython_connectionmanager-3.1.0-py3-none-any.whl", hash = "sha256:7c0e0735181ff748141eb384063bc3c2c6a27646d6af0f324a9d9556ba966e94"},
]

[package.dependencies]
Adafruit-Blinka = "*"

[package.source]
type = "legacy"
url = "https://www.piwheels.org/simple"
reference = "piwheels"

[[package]]
name = "adafruit-circuitpython-dht"
version = "4.0.4"
description = "CircuitPython support for DHT11 and DHT22 type temperature/humidity devices"
optional = false
python-versions = "*"
files = [
    {file = "adafruit_circuitpython_dht-4.0.4-py3-none-any.whl", hash = "sha256:4ce31aec021e3f09df3f2c63ecefedecd88b665ca325966e7bf4f02ad5d721db"},
]

[package.dependencies]
Adafruit-Blinka = "*"

[package.source]
type = "legacy"
url = "https://www.piwheels.org/simple"
reference = "piwheels"

[[package]]
name = "adafruit-circuitpython-register"
version = "1.9.18"
description = "CircuitPython data descriptor classes to represent hardware registers on I2C and SPI devices."
optional = false
python-versions = "*"
files = [
    {file = "adafruit_circuitpython_register-1.9.18-py3-none-any.whl", hash = "sha256:a7273badfa4754681ff943e0ffd06304fcca8e5446f34babc28b3dac9246d05b"},
]

[package.dependencies]
Adafruit-Blinka = "*"
adafruit-circuitpython-busdevice = "*"
adafruit-circuitpython-typing = ">=1.3.1,<2.dev0"
typing-extensions = ">=4.0,<5.0"

[package.source]
type = "legacy"
url = "https://www.piwheels.org/simple"
reference = "piwheels"

[[package]]
name = "adafruit-circuitpython-requests"
version = "3.2.9"
description = "A requests-like library for web interfacing"
optional = false
python-versions = "*"
files = [
    {file = "adafruit_circuitpython_requests-3.2.9-py3-none-any.whl", hash = "sha256:6e2d23a41897a92ede0cd0113ff6af2adc0b0256a4c0eb4e0556011e01449023"},
]

[package.dependencies]
Adafruit-Blinka = "*"
Adafruit-Circuitpython-ConnectionManager = "*"

[package.source]
type = "legacy"
url = "https://www.piwheels.org/simple"
reference = "piwheels"

[[package]]
name = "adafruit-circuitpython-typing"
version = "1.10.3"
description = "Types needed for type annotation that are not in `typing`"
optional = false
python-versions = ">=3.8"
files = [
    {file = "adafruit_circuitpython_typing-1.10.3-py3-none-any.whl", hash = "sha256:43ae1cca51305c9de2e6b092aafeb5eb24018e6d8aec98dff317daf765e455c4"},
]

[package.dependencies]
Adafruit-Blinka = "*"
adafruit-circuitpython-busdevice = "*"
adafruit-circuitpython-requests = "*"
typing-extensions = ">=4.0,<5.0"

[package.source]
type = "legacy"
url = "https://www.piwheels.org/simple"
reference = "piwheels"

[[package]]
name = "adafruit-extended-bus"
version = "1.0.2"
description = "Helper Library for Blinka to allow creating I2C and SPI busio objects by passing in the Bus ID."
optional = false
python-versions = "*"
files = [
    {file = "adafruit_extended_bus-1.0.2-py3-none-any.whl", hash = "sha256:1e3ec9540a2b1d627274fa62003afdbc66e5232d0df7d17a311e9471bf0a0b91"},
]

[package.dependencies]
Adafruit-Blinka = "*"

[package.source]
type = "legacy"
url = "https://www.piwheels.org/simple"
reference = "piwheels"

[[package]]
name = "adafruit-platformdetect"
version = "3.63.0"
description = "Platform detection for use by libraries like Adafruit-Blinka."
optional = false
python-versions = "*"
files = [
    {file = "Adafruit_PlatformDetect-3.63.0-py3-none-any.whl", hash = "sha256:455a822416a8b993855aeb1fcd5a8d3b39d7193b7e341495e277ee9b92a2a328"},
]

[package.source]
type = "legacy"
url = "https://www.piwheels.org/simple"
reference = "piwheels"

[[package]]
name = "adafruit-pureio"
version = "1.1.11"
description = "Pure python (i.e. no native extensions) access to Linux IO    including I2C and SPI. Drop in replacement for smbus and spidev modules."
optional = false
python-versions = ">=3.5.0"
files = [
    {file = "Adafruit_PureIO-1.1.11-py3-none-any.whl", hash = "sha256:665f23279bc216de92a00f34833650e2f49c9acc913fc3ca91195b94d172ed0f"},
]

[package.source]
type = "legacy"
url = "https://www.piwheels.org/simple"
reference = "piwheels"

[[package]]
name = "automationhat"
version = "1.0.0"
description = ""
optional = false
python-versions = "*"
files = [
    {file = "automationhat-1.0.0-py3-none-any.whl", hash = "sha256:e62849aa5c191c42cb52f964869a16f5af02dd3acfd6f1b536ab08a0a1dc96ab"},
]

[package.source]
type = "legacy"
url = "https://www.piwheels.org/simple"
reference = "piwheels"

[[package]]
name = "board"
version = "1.0"
description = "Standard Board mechanism for Dojo tasks"
optional = false
python-versions = "*"
files = [
    {file = "board-1.0-py2.py3-none-any.whl", hash = "sha256:b97c986d0190a2a5181a7fe28959cd8515520b87f672796e21e1b0d32cc63e2f"},
]

[package.source]
type = "legacy"
url = "https://www.piwheels.org/simple"
reference = "piwheels"

[[package]]
name = "greenponik-bh1750"
version = "0.0.7"
description = "Read BH1750 through Python3 on raspberry pi"
optional = false
python-versions = ">=3.6.0"
files = [
    {file = "greenponik_bh1750-0.0.7-py3-none-any.whl", hash = "sha256:5d7decce3b20e85b8ef89c191f784dab870785161808f809272fa0ca88206ccc"},
]

[package.dependencies]
adafruit-blinka = "*"
adafruit-circuitpython-bh1750 = "*"
adafruit-extended-bus = "*"

[package.source]
type = "legacy"
url = "https://www.piwheels.org/simple"
reference = "piwheels"

[[package]]
name = "pyftdi"
version = "0.55.4"
description = "FTDI device driver (pure Python)"
optional = false
python-versions = ">=3.8"
files = [
    {file = "pyftdi-0.55.4-py3-none-any.whl", hash = "sha256:24dfadb6cff83e804f3a68a57d21c58e761fb79b402e6756638588bd2cb36a63"},
]

[package.dependencies]
pyserial = ">=3.0"
pyusb = ">=1.0.0,<1.2.0 || >1.2.0"

[package.source]
type = "legacy"
url = "https://www.piwheels.org/simple"
reference = "piwheels"

[[package]]
name = "pyserial"
version = "3.5"
description = "Python Serial Port Extension"
optional = false
python-versions = "*"
files = [
    {file = "pyserial-3.5-py2.py3-none-any.whl", hash = "sha256:c4451db6ba391ca6ca299fb3ec7bae67a5c55dde170964c7a14ceefec02f2cf0"},
]

[package.extras]
cp2110 = ["hidapi"]

[package.source]
type = "legacy"
url = "https://www.piwheels.org/simple"
reference = "piwheels"

[[package]]
name = "pyusb"
version = "1.2.1"
description = "Python USB access module"
optional = false
python-versions = ">=3.6.0"
files = [
    {file = "pyusb-1.2.1-py3-none-any.whl", hash = "sha256:2b4c7cb86dbadf044dfb9d3a4ff69fd217013dbe78a792177a3feb172449ea36"},
]

[package.source]
type = "legacy"
url = "https://www.piwheels.org/simple"
reference = "piwheels"

[[package]]
name = "rpi-gpio"
version = "0.7.1"
description = "A module to control Raspberry Pi GPIO channels"
optional = false
python-versions = "*"
files = [
    {file = "RPi.GPIO-0.7.1-cp311-cp311-linux_armv6l.whl", hash = "sha256:df02c92d1a55ff8cdfffea5012ea73a9b09fdcc4d14799d834b3840fcf4039ad"},
    {file = "RPi.GPIO-0.7.1-cp311-cp311-linux_armv7l.whl", hash = "sha256:df02c92d1a55ff8cdfffea5012ea73a9b09fdcc4d14799d834b3840fcf4039ad"},
    {file = "RPi.GPIO-0.7.1-cp35-cp35m-linux_armv6l.whl", hash = "sha256:5073d1972727cfad38a1a42f02da91dc41f137679290aa804ab6c410168347ac"},
    {file = "RPi.GPIO-0.7.1-cp35-cp35m-linux_armv7l.whl", hash = "sha256:5073d1972727cfad38a1a42f02da91dc41f137679290aa804ab6c410168347ac"},
    {file = "RPi.GPIO-0.7.1-cp37-cp37m-linux_armv6l.whl", hash = "sha256:e5dfec2c4ccb7dbe9eef3dfc76a3b04121fc62d77fd8fbe1a8e841468a1b0c4c"},
    {file = "RPi.GPIO-0.7.1-cp37-cp37m-linux_armv7l.whl", hash = "sha256:e5dfec2c4ccb7dbe9eef3dfc76a3b04121fc62d77fd8fbe1a8e841468a1b0c4c"},
    {file = "RPi.GPIO-0.7.1-cp39-cp39-linux_armv6l.whl", hash = "sha256:231f6142c25975a7e39b96faf4905f05f97dba6809e8c5f0d58f284b35b4b821"},
    {file = "RPi.GPIO-0.7.1-cp39-cp39-linux_armv7l.whl", hash = "sha256:231f6142c25975a7e39b96faf4905f05f97dba6809e8c5f0d58f284b35b4b821"},
]

[package.source]
type = "legacy"
url = "https://www.piwheels.org/simple"
reference = "piwheels"

[[package]]
name = "rpi-ws281x"
version = "5.0.0"
description = "Userspace Raspberry Pi PWM/PCM/SPI library for SK6812 and WS281X LEDs."
optional = false
python-versions = ">=3.6"
files = [
    {file = "rpi_ws281x-5.0.0-cp311-cp311-linux_armv6l.whl", hash = "sha256:da85589984679b06d877022bf2d8ce6cb9aa08a4c36c8dca297cb2dba83eaa42"},
    {file = "rpi_ws281x-5.0.0-cp311-cp311-linux_armv7l.whl", hash = "sha256:da85589984679b06d877022bf2d8ce6cb9aa08a4c36c8dca297cb2dba83eaa42"},
    {file = "rpi_ws281x-5.0.0-cp37-cp37m-linux_armv6l.whl", hash = "sha256:2d9d8cb8f54bf68c1935a9b466aef8960f2e4aec4328057c0a9e59fc8eaad187"},
    {file = "rpi_ws281x-5.0.0-cp37-cp37m-linux_armv7l.whl", hash = "sha256:2d9d8cb8f54bf68c1935a9b466aef8960f2e4aec4328057c0a9e59fc8eaad187"},
    {file = "rpi_ws281x-5.0.0-cp39-cp39-linux_armv6l.whl", hash = "sha256:3c4af921dda22a393e42793e799823918e7d7a5bb71e50e885c22769ffa00c73"},
    {file = "rpi_ws281x-5.0.0-cp39-cp39-linux_armv7l.whl", hash = "sha256:3c4af921dda22a393e42793e799823918e7d7a5bb71e50e885c22769ffa00c73"},
]

[package.source]
type = "legacy"
url = "https://www.piwheels.org/simple"
reference = "piwheels"

[[package]]
name = "smbus"
version = "1.1.post2"
description = "Python bindings for Linux SMBus access through i2c-dev"
optional = false
python-versions = "*"
files = [
    {file = "smbus-1.1.post2-cp311-cp311-linux_armv6l.whl", hash = "sha256:0393e4a00e35ad70489d03377ed4ad429047a9e4a35c1c12c0d85ad80b332d67"},
    {file = "smbus-1.1.post2-cp311-cp311-linux_armv7l.whl", hash = "sha256:0393e4a00e35ad70489d03377ed4ad429047a9e4a35c1c12c0d85ad80b332d67"},
    {file = "smbus-1.1.post2-cp34-cp34m-linux_armv6l.whl", hash = "sha256:39923448455a41c6bbe823de62b191103dd711917056362d9e4b1d2c6ec0f06d"},
    {file = "smbus-1.1.post2-cp34-cp34m-linux_armv7l.whl", hash = "sha256:39923448455a41c6bbe823de62b191103dd711917056362d9e4b1d2c6ec0f06d"},
    {file = "smbus-1.1.post2-cp35-cp35m-linux_armv6l.whl", hash = "sha256:3e59ce378dbf9b201497e9f99b43714acc7d562b08641d7b98ad9df762ffd865"},
    {file = "smbus-1.1.post2-cp35-cp35m-linux_armv7l.whl", hash = "sha256:3e59ce378dbf9b201497e9f99b43714acc7d562b08641d7b98ad9df762ffd865"},
    {file = "smbus-1.1.post2-cp37-cp37m-linux_armv6l.whl", hash = "sha256:3a04a09dd7bd2ce838a65f98d83901b3f6980593269d3668e974fc55a0db833e"},
    {file = "smbus-1.1.post2-cp37-cp37m-linux_armv7l.whl", hash = "sha256:3a04a09dd7bd2ce838a65f98d83901b3f6980593269d3668e974fc55a0db833e"},
    {file = "smbus-1.1.post2-cp39-cp39-linux_armv6l.whl", hash = "sha256:b0cdccebd5d4e611cfb950bddff8798962b5d709a8e6d46c29b1929ab4f2abbc"},
    {file = "smbus-1.1.post2-cp39-cp39-linux_armv7l.whl", hash = "sha256:b0cdccebd5d4e611cfb950bddff8798962b5d709a8e6d46c29b1929ab4f2abbc"},
]

[package.source]
type = "legacy"
url = "https://www.piwheels.org/simple"
reference = "piwheels"

[[package]]
name = "sysv-ipc"
version = "1.1.0"
description = "System V IPC primitives (semaphores, shared memory and message queues) for Python"
optional = false
python-versions = "*"
files = [
    {file = "sysv_ipc-1.1.0-cp311-cp311-linux_armv6l.whl", hash = "sha256:5fb634b7ff62415d240a6a37a7e7c0ed6fe708b2bb541a81bfaf3da4df7a47ff"},
    {file = "sysv_ipc-1.1.0-cp311-cp311-linux_armv7l.whl", hash = "sha256:5fb634b7ff62415d240a6a37a7e7c0ed6fe708b2bb541a81bfaf3da4df7a47ff"},
    {file = "sysv_ipc-1.1.0-cp37-cp37m-linux_armv6l.whl", hash = "sha256:3cc523ce39338200c0ad7735c48267a26735690977b4eb4879bd8e10b4e7a82d"},
    {file = "sysv_ipc-1.1.0-cp37-cp37m-linux_armv7l.whl", hash = "sha256:3cc523ce39338200c0ad7735c48267a26735690977b4eb4879bd8e10b4e7a82d"},
    {file = "sysv_ipc-1.1.0-cp39-cp39-linux_armv6l.whl", hash = "sha256:0ef1f4360d0c4e353f63d43743911c060881ebf920c95ec8adfa4fcbf58955da"},
    {file = "sysv_ipc-1.1.0-cp39-cp39-linux_armv7l.whl", hash = "sha256:0ef1f4360d0c4e353f63d43743911c060881ebf920c95ec8adfa4fcbf58955da"},
]

[package.source]
type = "legacy"
url = "https://www.piwheels.org/simple"
reference = "piwheels"

[[package]]
name = "typing-extensions"
version = "4.11.0"
description = "Backported and Experimental Type Hints for Python 3.8+"
optional = false
python-versions = ">=3.8"
files = [
    {file = "typing_extensions-4.11.0-py3-none-any.whl", hash = "sha256:6aa47bf7f3ca4581002094184ca00889dd87807690c290608df37e52cd50a4f8"},
]

[package.source]
type = "legacy"
url = "https://www.piwheels.org/simple"
reference = "piwheels"

[metadata]
lock-version = "2.0"
python-versions = ">=3.9"
content-hash = "fd42c4d7225640e5b1bd6718800f940388db784176832cab2a608acf48e5a418"
